<?xml version="1.0" encoding="UTF-8"?>
<Project ToolsVersion="12.0" xmlns="http://schemas.microsoft.com/developer/msbuild/2003">
  <ItemGroup>
    <ClCompile Include="D:\Study\GameloftInternship\GL_Test\Newfolder\TrainingFW\lib\BulletPhysic\src\physicBullet\src\LinearMath\btAlignedAllocator.cpp">
      <Filter>Source Files</Filter>
    </ClCompile>
    <ClCompile Include="D:\Study\GameloftInternship\GL_Test\Newfolder\TrainingFW\lib\BulletPhysic\src\physicBullet\src\LinearMath\btConvexHull.cpp">
      <Filter>Source Files</Filter>
    </ClCompile>
    <ClCompile Include="D:\Study\GameloftInternship\GL_Test\Newfolder\TrainingFW\lib\BulletPhysic\src\physicBullet\src\LinearMath\btConvexHullComputer.cpp">
      <Filter>Source Files</Filter>
    </ClCompile>
    <ClCompile Include="D:\Study\GameloftInternship\GL_Test\Newfolder\TrainingFW\lib\BulletPhysic\src\physicBullet\src\LinearMath\btGeometryUtil.cpp">
      <Filter>Source Files</Filter>
    </ClCompile>
    <ClCompile Include="D:\Study\GameloftInternship\GL_Test\Newfolder\TrainingFW\lib\BulletPhysic\src\physicBullet\src\LinearMath\btPolarDecomposition.cpp">
      <Filter>Source Files</Filter>
    </ClCompile>
    <ClCompile Include="D:\Study\GameloftInternship\GL_Test\Newfolder\TrainingFW\lib\BulletPhysic\src\physicBullet\src\LinearMath\btQuickprof.cpp">
      <Filter>Source Files</Filter>
    </ClCompile>
    <ClCompile Include="D:\Study\GameloftInternship\GL_Test\Newfolder\TrainingFW\lib\BulletPhysic\src\physicBullet\src\LinearMath\btSerializer.cpp">
      <Filter>Source Files</Filter>
    </ClCompile>
    <ClCompile Include="D:\Study\GameloftInternship\GL_Test\Newfolder\TrainingFW\lib\BulletPhysic\src\physicBullet\src\LinearMath\btVector3.cpp">
      <Filter>Source Files</Filter>
    </ClCompile>
  </ItemGroup>
  <ItemGroup>
    <ClInclude Include="D:\Study\GameloftInternship\GL_Test\Newfolder\TrainingFW\lib\BulletPhysic\src\physicBullet\src\LinearMath\btAabbUtil2.h">
      <Filter>Header Files</Filter>
    </ClInclude>
    <ClInclude Include="D:\Study\GameloftInternship\GL_Test\Newfolder\TrainingFW\lib\BulletPhysic\src\physicBullet\src\LinearMath\btAlignedAllocator.h">
      <Filter>Header Files</Filter>
    </ClInclude>
    <ClInclude Include="D:\Study\GameloftInternship\GL_Test\Newfolder\TrainingFW\lib\BulletPhysic\src\physicBullet\src\LinearMath\btAlignedObjectArray.h">
      <Filter>Header Files</Filter>
    </ClInclude>
    <ClInclude Include="D:\Study\GameloftInternship\GL_Test\Newfolder\TrainingFW\lib\BulletPhysic\src\physicBullet\src\LinearMath\btConvexHull.h">
      <Filter>Header Files</Filter>
    </ClInclude>
    <ClInclude Include="D:\Study\GameloftInternship\GL_Test\Newfolder\TrainingFW\lib\BulletPhysic\src\physicBullet\src\LinearMath\btConvexHullComputer.h">
      <Filter>Header Files</Filter>
    </ClInclude>
    <ClInclude Include="D:\Study\GameloftInternship\GL_Test\Newfolder\TrainingFW\lib\BulletPhysic\src\physicBullet\src\LinearMath\btDefaultMotionState.h">
      <Filter>Header Files</Filter>
    </ClInclude>
    <ClInclude Include="D:\Study\GameloftInternship\GL_Test\Newfolder\TrainingFW\lib\BulletPhysic\src\physicBullet\src\LinearMath\btGeometryUtil.h">
      <Filter>Header Files</Filter>
    </ClInclude>
    <ClInclude Include="D:\Study\GameloftInternship\GL_Test\Newfolder\TrainingFW\lib\BulletPhysic\src\physicBullet\src\LinearMath\btGrahamScan2dConvexHull.h">
      <Filter>Header Files</Filter>
    </ClInclude>
    <ClInclude Include="D:\Study\GameloftInternship\GL_Test\Newfolder\TrainingFW\lib\BulletPhysic\src\physicBullet\src\LinearMath\btHashMap.h">
      <Filter>Header Files</Filter>
    </ClInclude>
    <ClInclude Include="D:\Study\GameloftInternship\GL_Test\Newfolder\TrainingFW\lib\BulletPhysic\src\physicBullet\src\LinearMath\btIDebugDraw.h">
      <Filter>Header Files</Filter>
    </ClInclude>
    <ClInclude Include="D:\Study\GameloftInternship\GL_Test\Newfolder\TrainingFW\lib\BulletPhysic\src\physicBullet\src\LinearMath\btList.h">
      <Filter>Header Files</Filter>
    </ClInclude>
    <ClInclude Include="D:\Study\GameloftInternship\GL_Test\Newfolder\TrainingFW\lib\BulletPhysic\src\physicBullet\src\LinearMath\btMatrix3x3.h">
      <Filter>Header Files</Filter>
    </ClInclude>
    <ClInclude Include="D:\Study\GameloftInternship\GL_Test\Newfolder\TrainingFW\lib\BulletPhysic\src\physicBullet\src\LinearMath\btMinMax.h">
      <Filter>Header Files</Filter>
    </ClInclude>
    <ClInclude Include="D:\Study\GameloftInternship\GL_Test\Newfolder\TrainingFW\lib\BulletPhysic\src\physicBullet\src\LinearMath\btMotionState.h">
      <Filter>Header Files</Filter>
    </ClInclude>
    <ClInclude Include="D:\Study\GameloftInternship\GL_Test\Newfolder\TrainingFW\lib\BulletPhysic\src\physicBullet\src\LinearMath\btPolarDecomposition.h">
      <Filter>Header Files</Filter>
    </ClInclude>
    <ClInclude Include="D:\Study\GameloftInternship\GL_Test\Newfolder\TrainingFW\lib\BulletPhysic\src\physicBullet\src\LinearMath\btPoolAllocator.h">
      <Filter>Header Files</Filter>
    </ClInclude>
    <ClInclude Include="D:\Study\GameloftInternship\GL_Test\Newfolder\TrainingFW\lib\BulletPhysic\src\physicBullet\src\LinearMath\btQuadWord.h">
      <Filter>Header Files</Filter>
    </ClInclude>
    <ClInclude Include="D:\Study\GameloftInternship\GL_Test\Newfolder\TrainingFW\lib\BulletPhysic\src\physicBullet\src\LinearMath\btQuaternion.h">
      <Filter>Header Files</Filter>
    </ClInclude>
    <ClInclude Include="D:\Study\GameloftInternship\GL_Test\Newfolder\TrainingFW\lib\BulletPhysic\src\physicBullet\src\LinearMath\btQuickprof.h">
      <Filter>Header Files</Filter>
    </ClInclude>
    <ClInclude Include="D:\Study\GameloftInternship\GL_Test\Newfolder\TrainingFW\lib\BulletPhysic\src\physicBullet\src\LinearMath\btRandom.h">
      <Filter>Header Files</Filter>
    </ClInclude>
    <ClInclude Include="D:\Study\GameloftInternship\GL_Test\Newfolder\TrainingFW\lib\BulletPhysic\src\physicBullet\src\LinearMath\btScalar.h">
      <Filter>Header Files</Filter>
    </ClInclude>
    <ClInclude Include="D:\Study\GameloftInternship\GL_Test\Newfolder\TrainingFW\lib\BulletPhysic\src\physicBullet\src\LinearMath\btSerializer.h">
      <Filter>Header Files</Filter>
    </ClInclude>
    <ClInclude Include="D:\Study\GameloftInternship\GL_Test\Newfolder\TrainingFW\lib\BulletPhysic\src\physicBullet\src\LinearMath\btStackAlloc.h">
      <Filter>Header Files</Filter>
    </ClInclude>
    <ClInclude Include="D:\Study\GameloftInternship\GL_Test\Newfolder\TrainingFW\lib\BulletPhysic\src\physicBullet\src\LinearMath\btTransform.h">
      <Filter>Header Files</Filter>
    </ClInclude>
    <ClInclude Include="D:\Study\GameloftInternship\GL_Test\Newfolder\TrainingFW\lib\BulletPhysic\src\physicBullet\src\LinearMath\btTransformUtil.h">
      <Filter>Header Files</Filter>
    </ClInclude>
    <ClInclude Include="D:\Study\GameloftInternship\GL_Test\Newfolder\TrainingFW\lib\BulletPhysic\src\physicBullet\src\LinearMath\btVector3.h">
      <Filter>Header Files</Filter>
    </ClInclude>
  </ItemGroup>
  <ItemGroup>
    <CustomBuild Include="D:\Study\GameloftInternship\GL_Test\Newfolder\TrainingFW\lib\BulletPhysic\src\physicBullet\src\LinearMath\CMakeLists.txt" />
  </ItemGroup>
  <ItemGroup>
    <Filter Include="Source Files">
      <UniqueIdentifier>{A048BB52-2630-47F2-B4FB-24448E0348F5}</UniqueIdentifier>
    </Filter>
    <Filter Include="Header Files">
      <UniqueIdentifier>{03017D3F-F292-45BA-AB70-8EB2E0EC6E1E}</UniqueIdentifier>
    </Filter>
  </ItemGroup>
</Project>
