Microsoft Visual Studio Solution File, Format Version 12.00
# Visual Studio 2013
Project("{8BC9CEB8-8B4A-11D0-8D11-00A0C91BC942}") = "ALL_BUILD", "ALL_BUILD.vcxproj", "{05594B64-ECE0-43E9-B501-E22801806DD3}"
	ProjectSection(ProjectDependencies) = postProject
		{26CC28C5-AD0F-4E67-AD2A-ABEBCC007E4E} = {26CC28C5-AD0F-4E67-AD2A-ABEBCC007E4E}
		{71AAE063-81CF-4199-8CF3-FFC23EF3652C} = {71AAE063-81CF-4199-8CF3-FFC23EF3652C}
		{16DBB071-5F6C-4747-BDCB-E51CF86E7537} = {16DBB071-5F6C-4747-BDCB-E51CF86E7537}
		{DF770018-A883-48DE-9E62-8898E813DB49} = {DF770018-A883-48DE-9E62-8898E813DB49}
		{64CDA44D-411D-450A-9220-EBBAFD25F005} = {64CDA44D-411D-450A-9220-EBBAFD25F005}
		{E0BB54C2-9B17-4E73-B62F-7F9ECFCCB679} = {E0BB54C2-9B17-4E73-B62F-7F9ECFCCB679}
		{ADF3B9F0-EF23-409B-809C-FBB8B19BAC56} = {ADF3B9F0-EF23-409B-809C-FBB8B19BAC56}
		{7EA2AF79-7764-40BF-8BC7-8D461F20BD16} = {7EA2AF79-7764-40BF-8BC7-8D461F20BD16}
		{8641AEEF-A462-4B1B-B4B2-12029F409C9D} = {8641AEEF-A462-4B1B-B4B2-12029F409C9D}
		{6C0D1F27-DDE8-4D38-AF58-A300430E94AE} = {6C0D1F27-DDE8-4D38-AF58-A300430E94AE}
		{64DA88D0-83A9-41E1-A2BB-6DFFCF1AADB6} = {64DA88D0-83A9-41E1-A2BB-6DFFCF1AADB6}
		{6ED01A53-111B-4893-8BA3-BD599C2CECCA} = {6ED01A53-111B-4893-8BA3-BD599C2CECCA}
		{7D97313E-C10F-4A81-ABEB-2A9D50A93B99} = {7D97313E-C10F-4A81-ABEB-2A9D50A93B99}
		{564C263B-7878-4BC1-A8ED-03F17892687D} = {564C263B-7878-4BC1-A8ED-03F17892687D}
		{1160D8A5-FF15-40A8-9CED-841FA984D22D} = {1160D8A5-FF15-40A8-9CED-841FA984D22D}
		{EDB75489-CC77-48A7-B5F2-4566408E07D4} = {EDB75489-CC77-48A7-B5F2-4566408E07D4}
		{37FCF02C-405E-4A24-B7B5-0B5CE1D83C29} = {37FCF02C-405E-4A24-B7B5-0B5CE1D83C29}
		{0010411A-6C51-4695-975E-2D6FF20B49C1} = {0010411A-6C51-4695-975E-2D6FF20B49C1}
		{1FEE8926-56A6-4592-82F7-E1325B0D9CE8} = {1FEE8926-56A6-4592-82F7-E1325B0D9CE8}
		{18B0D0F8-A2A1-44EA-8BA1-80CFB5CDDB1D} = {18B0D0F8-A2A1-44EA-8BA1-80CFB5CDDB1D}
		{980C5D0D-4B97-487B-9FAE-018BED4E9B87} = {980C5D0D-4B97-487B-9FAE-018BED4E9B87}
		{5FBF94B8-1964-419C-BED2-E34E1966F625} = {5FBF94B8-1964-419C-BED2-E34E1966F625}
		{209AB15A-DCB0-467B-8493-2629891781A7} = {209AB15A-DCB0-467B-8493-2629891781A7}
	EndProjectSection
EndProject
Project("{8BC9CEB8-8B4A-11D0-8D11-00A0C91BC942}") = "App_BasicExample", "examples\BasicDemo\App_BasicExample.vcxproj", "{26CC28C5-AD0F-4E67-AD2A-ABEBCC007E4E}"
	ProjectSection(ProjectDependencies) = postProject
		{6C0D1F27-DDE8-4D38-AF58-A300430E94AE} = {6C0D1F27-DDE8-4D38-AF58-A300430E94AE}
		{64DA88D0-83A9-41E1-A2BB-6DFFCF1AADB6} = {64DA88D0-83A9-41E1-A2BB-6DFFCF1AADB6}
		{1FEE8926-56A6-4592-82F7-E1325B0D9CE8} = {1FEE8926-56A6-4592-82F7-E1325B0D9CE8}
		{980C5D0D-4B97-487B-9FAE-018BED4E9B87} = {980C5D0D-4B97-487B-9FAE-018BED4E9B87}
	EndProjectSection
EndProject
Project("{8BC9CEB8-8B4A-11D0-8D11-00A0C91BC942}") = "App_ExampleBrowser", "examples\ExampleBrowser\App_ExampleBrowser.vcxproj", "{71AAE063-81CF-4199-8CF3-FFC23EF3652C}"
	ProjectSection(ProjectDependencies) = postProject
		{E0BB54C2-9B17-4E73-B62F-7F9ECFCCB679} = {E0BB54C2-9B17-4E73-B62F-7F9ECFCCB679}
		{6C0D1F27-DDE8-4D38-AF58-A300430E94AE} = {6C0D1F27-DDE8-4D38-AF58-A300430E94AE}
		{64DA88D0-83A9-41E1-A2BB-6DFFCF1AADB6} = {64DA88D0-83A9-41E1-A2BB-6DFFCF1AADB6}
		{7D97313E-C10F-4A81-ABEB-2A9D50A93B99} = {7D97313E-C10F-4A81-ABEB-2A9D50A93B99}
		{1FEE8926-56A6-4592-82F7-E1325B0D9CE8} = {1FEE8926-56A6-4592-82F7-E1325B0D9CE8}
		{18B0D0F8-A2A1-44EA-8BA1-80CFB5CDDB1D} = {18B0D0F8-A2A1-44EA-8BA1-80CFB5CDDB1D}
		{980C5D0D-4B97-487B-9FAE-018BED4E9B87} = {980C5D0D-4B97-487B-9FAE-018BED4E9B87}
		{209AB15A-DCB0-467B-8493-2629891781A7} = {209AB15A-DCB0-467B-8493-2629891781A7}
	EndProjectSection
EndProject
Project("{8BC9CEB8-8B4A-11D0-8D11-00A0C91BC942}") = "App_HelloWorld", "examples\HelloWorld\App_HelloWorld.vcxproj", "{16DBB071-5F6C-4747-BDCB-E51CF86E7537}"
	ProjectSection(ProjectDependencies) = postProject
		{6C0D1F27-DDE8-4D38-AF58-A300430E94AE} = {6C0D1F27-DDE8-4D38-AF58-A300430E94AE}
		{64DA88D0-83A9-41E1-A2BB-6DFFCF1AADB6} = {64DA88D0-83A9-41E1-A2BB-6DFFCF1AADB6}
		{1FEE8926-56A6-4592-82F7-E1325B0D9CE8} = {1FEE8926-56A6-4592-82F7-E1325B0D9CE8}
		{980C5D0D-4B97-487B-9FAE-018BED4E9B87} = {980C5D0D-4B97-487B-9FAE-018BED4E9B87}
	EndProjectSection
EndProject
Project("{8BC9CEB8-8B4A-11D0-8D11-00A0C91BC942}") = "Bullet2FileLoader", "src\Bullet3Serialize\Bullet2FileLoader\Bullet2FileLoader.vcxproj", "{DF770018-A883-48DE-9E62-8898E813DB49}"
	ProjectSection(ProjectDependencies) = postProject
		{980C5D0D-4B97-487B-9FAE-018BED4E9B87} = {980C5D0D-4B97-487B-9FAE-018BED4E9B87}
	EndProjectSection
EndProject
Project("{8BC9CEB8-8B4A-11D0-8D11-00A0C91BC942}") = "Bullet3Collision", "src\Bullet3Collision\Bullet3Collision.vcxproj", "{64CDA44D-411D-450A-9220-EBBAFD25F005}"
	ProjectSection(ProjectDependencies) = postProject
		{980C5D0D-4B97-487B-9FAE-018BED4E9B87} = {980C5D0D-4B97-487B-9FAE-018BED4E9B87}
	EndProjectSection
EndProject
Project("{8BC9CEB8-8B4A-11D0-8D11-00A0C91BC942}") = "Bullet3Common", "src\Bullet3Common\Bullet3Common.vcxproj", "{E0BB54C2-9B17-4E73-B62F-7F9ECFCCB679}"
	ProjectSection(ProjectDependencies) = postProject
		{980C5D0D-4B97-487B-9FAE-018BED4E9B87} = {980C5D0D-4B97-487B-9FAE-018BED4E9B87}
	EndProjectSection
EndProject
Project("{8BC9CEB8-8B4A-11D0-8D11-00A0C91BC942}") = "Bullet3Dynamics", "src\Bullet3Dynamics\Bullet3Dynamics.vcxproj", "{ADF3B9F0-EF23-409B-809C-FBB8B19BAC56}"
	ProjectSection(ProjectDependencies) = postProject
		{980C5D0D-4B97-487B-9FAE-018BED4E9B87} = {980C5D0D-4B97-487B-9FAE-018BED4E9B87}
	EndProjectSection
EndProject
Project("{8BC9CEB8-8B4A-11D0-8D11-00A0C91BC942}") = "Bullet3Geometry", "src\Bullet3Geometry\Bullet3Geometry.vcxproj", "{7EA2AF79-7764-40BF-8BC7-8D461F20BD16}"
	ProjectSection(ProjectDependencies) = postProject
		{980C5D0D-4B97-487B-9FAE-018BED4E9B87} = {980C5D0D-4B97-487B-9FAE-018BED4E9B87}
	EndProjectSection
EndProject
Project("{8BC9CEB8-8B4A-11D0-8D11-00A0C91BC942}") = "Bullet3OpenCL_clew", "src\Bullet3OpenCL\Bullet3OpenCL_clew.vcxproj", "{8641AEEF-A462-4B1B-B4B2-12029F409C9D}"
	ProjectSection(ProjectDependencies) = postProject
		{980C5D0D-4B97-487B-9FAE-018BED4E9B87} = {980C5D0D-4B97-487B-9FAE-018BED4E9B87}
	EndProjectSection
EndProject
Project("{8BC9CEB8-8B4A-11D0-8D11-00A0C91BC942}") = "BulletCollision", "src\BulletCollision\BulletCollision.vcxproj", "{6C0D1F27-DDE8-4D38-AF58-A300430E94AE}"
	ProjectSection(ProjectDependencies) = postProject
		{980C5D0D-4B97-487B-9FAE-018BED4E9B87} = {980C5D0D-4B97-487B-9FAE-018BED4E9B87}
	EndProjectSection
EndProject
Project("{8BC9CEB8-8B4A-11D0-8D11-00A0C91BC942}") = "BulletDynamics", "src\BulletDynamics\BulletDynamics.vcxproj", "{64DA88D0-83A9-41E1-A2BB-6DFFCF1AADB6}"
	ProjectSection(ProjectDependencies) = postProject
		{980C5D0D-4B97-487B-9FAE-018BED4E9B87} = {980C5D0D-4B97-487B-9FAE-018BED4E9B87}
	EndProjectSection
EndProject
Project("{8BC9CEB8-8B4A-11D0-8D11-00A0C91BC942}") = "BulletFileLoader", "Extras\Serialize\BulletFileLoader\BulletFileLoader.vcxproj", "{6ED01A53-111B-4893-8BA3-BD599C2CECCA}"
	ProjectSection(ProjectDependencies) = postProject
		{980C5D0D-4B97-487B-9FAE-018BED4E9B87} = {980C5D0D-4B97-487B-9FAE-018BED4E9B87}
	EndProjectSection
EndProject
Project("{8BC9CEB8-8B4A-11D0-8D11-00A0C91BC942}") = "BulletSoftBody", "src\BulletSoftBody\BulletSoftBody.vcxproj", "{7D97313E-C10F-4A81-ABEB-2A9D50A93B99}"
	ProjectSection(ProjectDependencies) = postProject
		{980C5D0D-4B97-487B-9FAE-018BED4E9B87} = {980C5D0D-4B97-487B-9FAE-018BED4E9B87}
	EndProjectSection
EndProject
Project("{8BC9CEB8-8B4A-11D0-8D11-00A0C91BC942}") = "BulletWorldImporter", "Extras\Serialize\BulletWorldImporter\BulletWorldImporter.vcxproj", "{564C263B-7878-4BC1-A8ED-03F17892687D}"
	ProjectSection(ProjectDependencies) = postProject
		{980C5D0D-4B97-487B-9FAE-018BED4E9B87} = {980C5D0D-4B97-487B-9FAE-018BED4E9B87}
	EndProjectSection
EndProject
Project("{8BC9CEB8-8B4A-11D0-8D11-00A0C91BC942}") = "BulletXmlWorldImporter", "Extras\Serialize\BulletXmlWorldImporter\BulletXmlWorldImporter.vcxproj", "{1160D8A5-FF15-40A8-9CED-841FA984D22D}"
	ProjectSection(ProjectDependencies) = postProject
		{980C5D0D-4B97-487B-9FAE-018BED4E9B87} = {980C5D0D-4B97-487B-9FAE-018BED4E9B87}
	EndProjectSection
EndProject
Project("{8BC9CEB8-8B4A-11D0-8D11-00A0C91BC942}") = "ConvexDecomposition", "Extras\ConvexDecomposition\ConvexDecomposition.vcxproj", "{EDB75489-CC77-48A7-B5F2-4566408E07D4}"
	ProjectSection(ProjectDependencies) = postProject
		{980C5D0D-4B97-487B-9FAE-018BED4E9B87} = {980C5D0D-4B97-487B-9FAE-018BED4E9B87}
	EndProjectSection
EndProject
Project("{8BC9CEB8-8B4A-11D0-8D11-00A0C91BC942}") = "GIMPACTUtils", "Extras\GIMPACTUtils\GIMPACTUtils.vcxproj", "{37FCF02C-405E-4A24-B7B5-0B5CE1D83C29}"
	ProjectSection(ProjectDependencies) = postProject
		{980C5D0D-4B97-487B-9FAE-018BED4E9B87} = {980C5D0D-4B97-487B-9FAE-018BED4E9B87}
	EndProjectSection
EndProject
Project("{8BC9CEB8-8B4A-11D0-8D11-00A0C91BC942}") = "HACD", "Extras\HACD\HACD.vcxproj", "{0010411A-6C51-4695-975E-2D6FF20B49C1}"
	ProjectSection(ProjectDependencies) = postProject
		{980C5D0D-4B97-487B-9FAE-018BED4E9B87} = {980C5D0D-4B97-487B-9FAE-018BED4E9B87}
	EndProjectSection
EndProject
Project("{8BC9CEB8-8B4A-11D0-8D11-00A0C91BC942}") = "INSTALL", "INSTALL.vcxproj", "{2A5CFE3C-9C71-4FA0-A458-35717C4FE21F}"
	ProjectSection(ProjectDependencies) = postProject
		{05594B64-ECE0-43E9-B501-E22801806DD3} = {05594B64-ECE0-43E9-B501-E22801806DD3}
	EndProjectSection
EndProject
Project("{8BC9CEB8-8B4A-11D0-8D11-00A0C91BC942}") = "LinearMath", "src\LinearMath\LinearMath.vcxproj", "{1FEE8926-56A6-4592-82F7-E1325B0D9CE8}"
	ProjectSection(ProjectDependencies) = postProject
		{980C5D0D-4B97-487B-9FAE-018BED4E9B87} = {980C5D0D-4B97-487B-9FAE-018BED4E9B87}
	EndProjectSection
EndProject
Project("{8BC9CEB8-8B4A-11D0-8D11-00A0C91BC942}") = "OpenGLWindow", "examples\OpenGLWindow\OpenGLWindow.vcxproj", "{18B0D0F8-A2A1-44EA-8BA1-80CFB5CDDB1D}"
	ProjectSection(ProjectDependencies) = postProject
		{980C5D0D-4B97-487B-9FAE-018BED4E9B87} = {980C5D0D-4B97-487B-9FAE-018BED4E9B87}
	EndProjectSection
EndProject
Project("{8BC9CEB8-8B4A-11D0-8D11-00A0C91BC942}") = "ZERO_CHECK", "ZERO_CHECK.vcxproj", "{980C5D0D-4B97-487B-9FAE-018BED4E9B87}"
	ProjectSection(ProjectDependencies) = postProject
	EndProjectSection
EndProject
Project("{8BC9CEB8-8B4A-11D0-8D11-00A0C91BC942}") = "gtest", "test\gtest-1.7.0\gtest.vcxproj", "{5FBF94B8-1964-419C-BED2-E34E1966F625}"
	ProjectSection(ProjectDependencies) = postProject
		{980C5D0D-4B97-487B-9FAE-018BED4E9B87} = {980C5D0D-4B97-487B-9FAE-018BED4E9B87}
	EndProjectSection
EndProject
Project("{8BC9CEB8-8B4A-11D0-8D11-00A0C91BC942}") = "gwen", "examples\ThirdPartyLibs\Gwen\gwen.vcxproj", "{209AB15A-DCB0-467B-8493-2629891781A7}"
	ProjectSection(ProjectDependencies) = postProject
		{980C5D0D-4B97-487B-9FAE-018BED4E9B87} = {980C5D0D-4B97-487B-9FAE-018BED4E9B87}
	EndProjectSection
EndProject
Global
	GlobalSection(SolutionConfigurationPlatforms) = preSolution
		Debug|Win32 = Debug|Win32
		Release|Win32 = Release|Win32
		MinSizeRel|Win32 = MinSizeRel|Win32
		RelWithDebInfo|Win32 = RelWithDebInfo|Win32
	EndGlobalSection
	GlobalSection(ProjectConfigurationPlatforms) = postSolution
		{05594B64-ECE0-43E9-B501-E22801806DD3}.Debug|Win32.ActiveCfg = Debug|Win32
		{05594B64-ECE0-43E9-B501-E22801806DD3}.Debug|Win32.Build.0 = Debug|Win32
		{05594B64-ECE0-43E9-B501-E22801806DD3}.Release|Win32.ActiveCfg = Release|Win32
		{05594B64-ECE0-43E9-B501-E22801806DD3}.Release|Win32.Build.0 = Release|Win32
		{05594B64-ECE0-43E9-B501-E22801806DD3}.MinSizeRel|Win32.ActiveCfg = MinSizeRel|Win32
		{05594B64-ECE0-43E9-B501-E22801806DD3}.MinSizeRel|Win32.Build.0 = MinSizeRel|Win32
		{05594B64-ECE0-43E9-B501-E22801806DD3}.RelWithDebInfo|Win32.ActiveCfg = RelWithDebInfo|Win32
		{05594B64-ECE0-43E9-B501-E22801806DD3}.RelWithDebInfo|Win32.Build.0 = RelWithDebInfo|Win32
		{26CC28C5-AD0F-4E67-AD2A-ABEBCC007E4E}.Debug|Win32.ActiveCfg = Debug|Win32
		{26CC28C5-AD0F-4E67-AD2A-ABEBCC007E4E}.Debug|Win32.Build.0 = Debug|Win32
		{26CC28C5-AD0F-4E67-AD2A-ABEBCC007E4E}.Release|Win32.ActiveCfg = Release|Win32
		{26CC28C5-AD0F-4E67-AD2A-ABEBCC007E4E}.Release|Win32.Build.0 = Release|Win32
		{26CC28C5-AD0F-4E67-AD2A-ABEBCC007E4E}.MinSizeRel|Win32.ActiveCfg = MinSizeRel|Win32
		{26CC28C5-AD0F-4E67-AD2A-ABEBCC007E4E}.MinSizeRel|Win32.Build.0 = MinSizeRel|Win32
		{26CC28C5-AD0F-4E67-AD2A-ABEBCC007E4E}.RelWithDebInfo|Win32.ActiveCfg = RelWithDebInfo|Win32
		{26CC28C5-AD0F-4E67-AD2A-ABEBCC007E4E}.RelWithDebInfo|Win32.Build.0 = RelWithDebInfo|Win32
		{71AAE063-81CF-4199-8CF3-FFC23EF3652C}.Debug|Win32.ActiveCfg = Debug|Win32
		{71AAE063-81CF-4199-8CF3-FFC23EF3652C}.Debug|Win32.Build.0 = Debug|Win32
		{71AAE063-81CF-4199-8CF3-FFC23EF3652C}.Release|Win32.ActiveCfg = Release|Win32
		{71AAE063-81CF-4199-8CF3-FFC23EF3652C}.Release|Win32.Build.0 = Release|Win32
		{71AAE063-81CF-4199-8CF3-FFC23EF3652C}.MinSizeRel|Win32.ActiveCfg = MinSizeRel|Win32
		{71AAE063-81CF-4199-8CF3-FFC23EF3652C}.MinSizeRel|Win32.Build.0 = MinSizeRel|Win32
		{71AAE063-81CF-4199-8CF3-FFC23EF3652C}.RelWithDebInfo|Win32.ActiveCfg = RelWithDebInfo|Win32
		{71AAE063-81CF-4199-8CF3-FFC23EF3652C}.RelWithDebInfo|Win32.Build.0 = RelWithDebInfo|Win32
		{16DBB071-5F6C-4747-BDCB-E51CF86E7537}.Debug|Win32.ActiveCfg = Debug|Win32
		{16DBB071-5F6C-4747-BDCB-E51CF86E7537}.Debug|Win32.Build.0 = Debug|Win32
		{16DBB071-5F6C-4747-BDCB-E51CF86E7537}.Release|Win32.ActiveCfg = Release|Win32
		{16DBB071-5F6C-4747-BDCB-E51CF86E7537}.Release|Win32.Build.0 = Release|Win32
		{16DBB071-5F6C-4747-BDCB-E51CF86E7537}.MinSizeRel|Win32.ActiveCfg = MinSizeRel|Win32
		{16DBB071-5F6C-4747-BDCB-E51CF86E7537}.MinSizeRel|Win32.Build.0 = MinSizeRel|Win32
		{16DBB071-5F6C-4747-BDCB-E51CF86E7537}.RelWithDebInfo|Win32.ActiveCfg = RelWithDebInfo|Win32
		{16DBB071-5F6C-4747-BDCB-E51CF86E7537}.RelWithDebInfo|Win32.Build.0 = RelWithDebInfo|Win32
		{DF770018-A883-48DE-9E62-8898E813DB49}.Debug|Win32.ActiveCfg = Debug|Win32
		{DF770018-A883-48DE-9E62-8898E813DB49}.Debug|Win32.Build.0 = Debug|Win32
		{DF770018-A883-48DE-9E62-8898E813DB49}.Release|Win32.ActiveCfg = Release|Win32
		{DF770018-A883-48DE-9E62-8898E813DB49}.Release|Win32.Build.0 = Release|Win32
		{DF770018-A883-48DE-9E62-8898E813DB49}.MinSizeRel|Win32.ActiveCfg = MinSizeRel|Win32
		{DF770018-A883-48DE-9E62-8898E813DB49}.MinSizeRel|Win32.Build.0 = MinSizeRel|Win32
		{DF770018-A883-48DE-9E62-8898E813DB49}.RelWithDebInfo|Win32.ActiveCfg = RelWithDebInfo|Win32
		{DF770018-A883-48DE-9E62-8898E813DB49}.RelWithDebInfo|Win32.Build.0 = RelWithDebInfo|Win32
		{64CDA44D-411D-450A-9220-EBBAFD25F005}.Debug|Win32.ActiveCfg = Debug|Win32
		{64CDA44D-411D-450A-9220-EBBAFD25F005}.Debug|Win32.Build.0 = Debug|Win32
		{64CDA44D-411D-450A-9220-EBBAFD25F005}.Release|Win32.ActiveCfg = Release|Win32
		{64CDA44D-411D-450A-9220-EBBAFD25F005}.Release|Win32.Build.0 = Release|Win32
		{64CDA44D-411D-450A-9220-EBBAFD25F005}.MinSizeRel|Win32.ActiveCfg = MinSizeRel|Win32
		{64CDA44D-411D-450A-9220-EBBAFD25F005}.MinSizeRel|Win32.Build.0 = MinSizeRel|Win32
		{64CDA44D-411D-450A-9220-EBBAFD25F005}.RelWithDebInfo|Win32.ActiveCfg = RelWithDebInfo|Win32
		{64CDA44D-411D-450A-9220-EBBAFD25F005}.RelWithDebInfo|Win32.Build.0 = RelWithDebInfo|Win32
		{E0BB54C2-9B17-4E73-B62F-7F9ECFCCB679}.Debug|Win32.ActiveCfg = Debug|Win32
		{E0BB54C2-9B17-4E73-B62F-7F9ECFCCB679}.Debug|Win32.Build.0 = Debug|Win32
		{E0BB54C2-9B17-4E73-B62F-7F9ECFCCB679}.Release|Win32.ActiveCfg = Release|Win32
		{E0BB54C2-9B17-4E73-B62F-7F9ECFCCB679}.Release|Win32.Build.0 = Release|Win32
		{E0BB54C2-9B17-4E73-B62F-7F9ECFCCB679}.MinSizeRel|Win32.ActiveCfg = MinSizeRel|Win32
		{E0BB54C2-9B17-4E73-B62F-7F9ECFCCB679}.MinSizeRel|Win32.Build.0 = MinSizeRel|Win32
		{E0BB54C2-9B17-4E73-B62F-7F9ECFCCB679}.RelWithDebInfo|Win32.ActiveCfg = RelWithDebInfo|Win32
		{E0BB54C2-9B17-4E73-B62F-7F9ECFCCB679}.RelWithDebInfo|Win32.Build.0 = RelWithDebInfo|Win32
		{ADF3B9F0-EF23-409B-809C-FBB8B19BAC56}.Debug|Win32.ActiveCfg = Debug|Win32
		{ADF3B9F0-EF23-409B-809C-FBB8B19BAC56}.Debug|Win32.Build.0 = Debug|Win32
		{ADF3B9F0-EF23-409B-809C-FBB8B19BAC56}.Release|Win32.ActiveCfg = Release|Win32
		{ADF3B9F0-EF23-409B-809C-FBB8B19BAC56}.Release|Win32.Build.0 = Release|Win32
		{ADF3B9F0-EF23-409B-809C-FBB8B19BAC56}.MinSizeRel|Win32.ActiveCfg = MinSizeRel|Win32
		{ADF3B9F0-EF23-409B-809C-FBB8B19BAC56}.MinSizeRel|Win32.Build.0 = MinSizeRel|Win32
		{ADF3B9F0-EF23-409B-809C-FBB8B19BAC56}.RelWithDebInfo|Win32.ActiveCfg = RelWithDebInfo|Win32
		{ADF3B9F0-EF23-409B-809C-FBB8B19BAC56}.RelWithDebInfo|Win32.Build.0 = RelWithDebInfo|Win32
		{7EA2AF79-7764-40BF-8BC7-8D461F20BD16}.Debug|Win32.ActiveCfg = Debug|Win32
		{7EA2AF79-7764-40BF-8BC7-8D461F20BD16}.Debug|Win32.Build.0 = Debug|Win32
		{7EA2AF79-7764-40BF-8BC7-8D461F20BD16}.Release|Win32.ActiveCfg = Release|Win32
		{7EA2AF79-7764-40BF-8BC7-8D461F20BD16}.Release|Win32.Build.0 = Release|Win32
		{7EA2AF79-7764-40BF-8BC7-8D461F20BD16}.MinSizeRel|Win32.ActiveCfg = MinSizeRel|Win32
		{7EA2AF79-7764-40BF-8BC7-8D461F20BD16}.MinSizeRel|Win32.Build.0 = MinSizeRel|Win32
		{7EA2AF79-7764-40BF-8BC7-8D461F20BD16}.RelWithDebInfo|Win32.ActiveCfg = RelWithDebInfo|Win32
		{7EA2AF79-7764-40BF-8BC7-8D461F20BD16}.RelWithDebInfo|Win32.Build.0 = RelWithDebInfo|Win32
		{8641AEEF-A462-4B1B-B4B2-12029F409C9D}.Debug|Win32.ActiveCfg = Debug|Win32
		{8641AEEF-A462-4B1B-B4B2-12029F409C9D}.Debug|Win32.Build.0 = Debug|Win32
		{8641AEEF-A462-4B1B-B4B2-12029F409C9D}.Release|Win32.ActiveCfg = Release|Win32
		{8641AEEF-A462-4B1B-B4B2-12029F409C9D}.Release|Win32.Build.0 = Release|Win32
		{8641AEEF-A462-4B1B-B4B2-12029F409C9D}.MinSizeRel|Win32.ActiveCfg = MinSizeRel|Win32
		{8641AEEF-A462-4B1B-B4B2-12029F409C9D}.MinSizeRel|Win32.Build.0 = MinSizeRel|Win32
		{8641AEEF-A462-4B1B-B4B2-12029F409C9D}.RelWithDebInfo|Win32.ActiveCfg = RelWithDebInfo|Win32
		{8641AEEF-A462-4B1B-B4B2-12029F409C9D}.RelWithDebInfo|Win32.Build.0 = RelWithDebInfo|Win32
		{6C0D1F27-DDE8-4D38-AF58-A300430E94AE}.Debug|Win32.ActiveCfg = Debug|Win32
		{6C0D1F27-DDE8-4D38-AF58-A300430E94AE}.Debug|Win32.Build.0 = Debug|Win32
		{6C0D1F27-DDE8-4D38-AF58-A300430E94AE}.Release|Win32.ActiveCfg = Release|Win32
		{6C0D1F27-DDE8-4D38-AF58-A300430E94AE}.Release|Win32.Build.0 = Release|Win32
		{6C0D1F27-DDE8-4D38-AF58-A300430E94AE}.MinSizeRel|Win32.ActiveCfg = MinSizeRel|Win32
		{6C0D1F27-DDE8-4D38-AF58-A300430E94AE}.MinSizeRel|Win32.Build.0 = MinSizeRel|Win32
		{6C0D1F27-DDE8-4D38-AF58-A300430E94AE}.RelWithDebInfo|Win32.ActiveCfg = RelWithDebInfo|Win32
		{6C0D1F27-DDE8-4D38-AF58-A300430E94AE}.RelWithDebInfo|Win32.Build.0 = RelWithDebInfo|Win32
		{64DA88D0-83A9-41E1-A2BB-6DFFCF1AADB6}.Debug|Win32.ActiveCfg = Debug|Win32
		{64DA88D0-83A9-41E1-A2BB-6DFFCF1AADB6}.Debug|Win32.Build.0 = Debug|Win32
		{64DA88D0-83A9-41E1-A2BB-6DFFCF1AADB6}.Release|Win32.ActiveCfg = Release|Win32
		{64DA88D0-83A9-41E1-A2BB-6DFFCF1AADB6}.Release|Win32.Build.0 = Release|Win32
		{64DA88D0-83A9-41E1-A2BB-6DFFCF1AADB6}.MinSizeRel|Win32.ActiveCfg = MinSizeRel|Win32
		{64DA88D0-83A9-41E1-A2BB-6DFFCF1AADB6}.MinSizeRel|Win32.Build.0 = MinSizeRel|Win32
		{64DA88D0-83A9-41E1-A2BB-6DFFCF1AADB6}.RelWithDebInfo|Win32.ActiveCfg = RelWithDebInfo|Win32
		{64DA88D0-83A9-41E1-A2BB-6DFFCF1AADB6}.RelWithDebInfo|Win32.Build.0 = RelWithDebInfo|Win32
		{6ED01A53-111B-4893-8BA3-BD599C2CECCA}.Debug|Win32.ActiveCfg = Debug|Win32
		{6ED01A53-111B-4893-8BA3-BD599C2CECCA}.Debug|Win32.Build.0 = Debug|Win32
		{6ED01A53-111B-4893-8BA3-BD599C2CECCA}.Release|Win32.ActiveCfg = Release|Win32
		{6ED01A53-111B-4893-8BA3-BD599C2CECCA}.Release|Win32.Build.0 = Release|Win32
		{6ED01A53-111B-4893-8BA3-BD599C2CECCA}.MinSizeRel|Win32.ActiveCfg = MinSizeRel|Win32
		{6ED01A53-111B-4893-8BA3-BD599C2CECCA}.MinSizeRel|Win32.Build.0 = MinSizeRel|Win32
		{6ED01A53-111B-4893-8BA3-BD599C2CECCA}.RelWithDebInfo|Win32.ActiveCfg = RelWithDebInfo|Win32
		{6ED01A53-111B-4893-8BA3-BD599C2CECCA}.RelWithDebInfo|Win32.Build.0 = RelWithDebInfo|Win32
		{7D97313E-C10F-4A81-ABEB-2A9D50A93B99}.Debug|Win32.ActiveCfg = Debug|Win32
		{7D97313E-C10F-4A81-ABEB-2A9D50A93B99}.Debug|Win32.Build.0 = Debug|Win32
		{7D97313E-C10F-4A81-ABEB-2A9D50A93B99}.Release|Win32.ActiveCfg = Release|Win32
		{7D97313E-C10F-4A81-ABEB-2A9D50A93B99}.Release|Win32.Build.0 = Release|Win32
		{7D97313E-C10F-4A81-ABEB-2A9D50A93B99}.MinSizeRel|Win32.ActiveCfg = MinSizeRel|Win32
		{7D97313E-C10F-4A81-ABEB-2A9D50A93B99}.MinSizeRel|Win32.Build.0 = MinSizeRel|Win32
		{7D97313E-C10F-4A81-ABEB-2A9D50A93B99}.RelWithDebInfo|Win32.ActiveCfg = RelWithDebInfo|Win32
		{7D97313E-C10F-4A81-ABEB-2A9D50A93B99}.RelWithDebInfo|Win32.Build.0 = RelWithDebInfo|Win32
		{564C263B-7878-4BC1-A8ED-03F17892687D}.Debug|Win32.ActiveCfg = Debug|Win32
		{564C263B-7878-4BC1-A8ED-03F17892687D}.Debug|Win32.Build.0 = Debug|Win32
		{564C263B-7878-4BC1-A8ED-03F17892687D}.Release|Win32.ActiveCfg = Release|Win32
		{564C263B-7878-4BC1-A8ED-03F17892687D}.Release|Win32.Build.0 = Release|Win32
		{564C263B-7878-4BC1-A8ED-03F17892687D}.MinSizeRel|Win32.ActiveCfg = MinSizeRel|Win32
		{564C263B-7878-4BC1-A8ED-03F17892687D}.MinSizeRel|Win32.Build.0 = MinSizeRel|Win32
		{564C263B-7878-4BC1-A8ED-03F17892687D}.RelWithDebInfo|Win32.ActiveCfg = RelWithDebInfo|Win32
		{564C263B-7878-4BC1-A8ED-03F17892687D}.RelWithDebInfo|Win32.Build.0 = RelWithDebInfo|Win32
		{1160D8A5-FF15-40A8-9CED-841FA984D22D}.Debug|Win32.ActiveCfg = Debug|Win32
		{1160D8A5-FF15-40A8-9CED-841FA984D22D}.Debug|Win32.Build.0 = Debug|Win32
		{1160D8A5-FF15-40A8-9CED-841FA984D22D}.Release|Win32.ActiveCfg = Release|Win32
		{1160D8A5-FF15-40A8-9CED-841FA984D22D}.Release|Win32.Build.0 = Release|Win32
		{1160D8A5-FF15-40A8-9CED-841FA984D22D}.MinSizeRel|Win32.ActiveCfg = MinSizeRel|Win32
		{1160D8A5-FF15-40A8-9CED-841FA984D22D}.MinSizeRel|Win32.Build.0 = MinSizeRel|Win32
		{1160D8A5-FF15-40A8-9CED-841FA984D22D}.RelWithDebInfo|Win32.ActiveCfg = RelWithDebInfo|Win32
		{1160D8A5-FF15-40A8-9CED-841FA984D22D}.RelWithDebInfo|Win32.Build.0 = RelWithDebInfo|Win32
		{EDB75489-CC77-48A7-B5F2-4566408E07D4}.Debug|Win32.ActiveCfg = Debug|Win32
		{EDB75489-CC77-48A7-B5F2-4566408E07D4}.Debug|Win32.Build.0 = Debug|Win32
		{EDB75489-CC77-48A7-B5F2-4566408E07D4}.Release|Win32.ActiveCfg = Release|Win32
		{EDB75489-CC77-48A7-B5F2-4566408E07D4}.Release|Win32.Build.0 = Release|Win32
		{EDB75489-CC77-48A7-B5F2-4566408E07D4}.MinSizeRel|Win32.ActiveCfg = MinSizeRel|Win32
		{EDB75489-CC77-48A7-B5F2-4566408E07D4}.MinSizeRel|Win32.Build.0 = MinSizeRel|Win32
		{EDB75489-CC77-48A7-B5F2-4566408E07D4}.RelWithDebInfo|Win32.ActiveCfg = RelWithDebInfo|Win32
		{EDB75489-CC77-48A7-B5F2-4566408E07D4}.RelWithDebInfo|Win32.Build.0 = RelWithDebInfo|Win32
		{37FCF02C-405E-4A24-B7B5-0B5CE1D83C29}.Debug|Win32.ActiveCfg = Debug|Win32
		{37FCF02C-405E-4A24-B7B5-0B5CE1D83C29}.Debug|Win32.Build.0 = Debug|Win32
		{37FCF02C-405E-4A24-B7B5-0B5CE1D83C29}.Release|Win32.ActiveCfg = Release|Win32
		{37FCF02C-405E-4A24-B7B5-0B5CE1D83C29}.Release|Win32.Build.0 = Release|Win32
		{37FCF02C-405E-4A24-B7B5-0B5CE1D83C29}.MinSizeRel|Win32.ActiveCfg = MinSizeRel|Win32
		{37FCF02C-405E-4A24-B7B5-0B5CE1D83C29}.MinSizeRel|Win32.Build.0 = MinSizeRel|Win32
		{37FCF02C-405E-4A24-B7B5-0B5CE1D83C29}.RelWithDebInfo|Win32.ActiveCfg = RelWithDebInfo|Win32
		{37FCF02C-405E-4A24-B7B5-0B5CE1D83C29}.RelWithDebInfo|Win32.Build.0 = RelWithDebInfo|Win32
		{0010411A-6C51-4695-975E-2D6FF20B49C1}.Debug|Win32.ActiveCfg = Debug|Win32
		{0010411A-6C51-4695-975E-2D6FF20B49C1}.Debug|Win32.Build.0 = Debug|Win32
		{0010411A-6C51-4695-975E-2D6FF20B49C1}.Release|Win32.ActiveCfg = Release|Win32
		{0010411A-6C51-4695-975E-2D6FF20B49C1}.Release|Win32.Build.0 = Release|Win32
		{0010411A-6C51-4695-975E-2D6FF20B49C1}.MinSizeRel|Win32.ActiveCfg = MinSizeRel|Win32
		{0010411A-6C51-4695-975E-2D6FF20B49C1}.MinSizeRel|Win32.Build.0 = MinSizeRel|Win32
		{0010411A-6C51-4695-975E-2D6FF20B49C1}.RelWithDebInfo|Win32.ActiveCfg = RelWithDebInfo|Win32
		{0010411A-6C51-4695-975E-2D6FF20B49C1}.RelWithDebInfo|Win32.Build.0 = RelWithDebInfo|Win32
		{2A5CFE3C-9C71-4FA0-A458-35717C4FE21F}.Debug|Win32.ActiveCfg = Debug|Win32
		{2A5CFE3C-9C71-4FA0-A458-35717C4FE21F}.Release|Win32.ActiveCfg = Release|Win32
		{2A5CFE3C-9C71-4FA0-A458-35717C4FE21F}.MinSizeRel|Win32.ActiveCfg = MinSizeRel|Win32
		{2A5CFE3C-9C71-4FA0-A458-35717C4FE21F}.RelWithDebInfo|Win32.ActiveCfg = RelWithDebInfo|Win32
		{1FEE8926-56A6-4592-82F7-E1325B0D9CE8}.Debug|Win32.ActiveCfg = Debug|Win32
		{1FEE8926-56A6-4592-82F7-E1325B0D9CE8}.Debug|Win32.Build.0 = Debug|Win32
		{1FEE8926-56A6-4592-82F7-E1325B0D9CE8}.Release|Win32.ActiveCfg = Release|Win32
		{1FEE8926-56A6-4592-82F7-E1325B0D9CE8}.Release|Win32.Build.0 = Release|Win32
		{1FEE8926-56A6-4592-82F7-E1325B0D9CE8}.MinSizeRel|Win32.ActiveCfg = MinSizeRel|Win32
		{1FEE8926-56A6-4592-82F7-E1325B0D9CE8}.MinSizeRel|Win32.Build.0 = MinSizeRel|Win32
		{1FEE8926-56A6-4592-82F7-E1325B0D9CE8}.RelWithDebInfo|Win32.ActiveCfg = RelWithDebInfo|Win32
		{1FEE8926-56A6-4592-82F7-E1325B0D9CE8}.RelWithDebInfo|Win32.Build.0 = RelWithDebInfo|Win32
		{18B0D0F8-A2A1-44EA-8BA1-80CFB5CDDB1D}.Debug|Win32.ActiveCfg = Debug|Win32
		{18B0D0F8-A2A1-44EA-8BA1-80CFB5CDDB1D}.Debug|Win32.Build.0 = Debug|Win32
		{18B0D0F8-A2A1-44EA-8BA1-80CFB5CDDB1D}.Release|Win32.ActiveCfg = Release|Win32
		{18B0D0F8-A2A1-44EA-8BA1-80CFB5CDDB1D}.Release|Win32.Build.0 = Release|Win32
		{18B0D0F8-A2A1-44EA-8BA1-80CFB5CDDB1D}.MinSizeRel|Win32.ActiveCfg = MinSizeRel|Win32
		{18B0D0F8-A2A1-44EA-8BA1-80CFB5CDDB1D}.MinSizeRel|Win32.Build.0 = MinSizeRel|Win32
		{18B0D0F8-A2A1-44EA-8BA1-80CFB5CDDB1D}.RelWithDebInfo|Win32.ActiveCfg = RelWithDebInfo|Win32
		{18B0D0F8-A2A1-44EA-8BA1-80CFB5CDDB1D}.RelWithDebInfo|Win32.Build.0 = RelWithDebInfo|Win32
		{980C5D0D-4B97-487B-9FAE-018BED4E9B87}.Debug|Win32.ActiveCfg = Debug|Win32
		{980C5D0D-4B97-487B-9FAE-018BED4E9B87}.Debug|Win32.Build.0 = Debug|Win32
		{980C5D0D-4B97-487B-9FAE-018BED4E9B87}.Release|Win32.ActiveCfg = Release|Win32
		{980C5D0D-4B97-487B-9FAE-018BED4E9B87}.Release|Win32.Build.0 = Release|Win32
		{980C5D0D-4B97-487B-9FAE-018BED4E9B87}.MinSizeRel|Win32.ActiveCfg = MinSizeRel|Win32
		{980C5D0D-4B97-487B-9FAE-018BED4E9B87}.MinSizeRel|Win32.Build.0 = MinSizeRel|Win32
		{980C5D0D-4B97-487B-9FAE-018BED4E9B87}.RelWithDebInfo|Win32.ActiveCfg = RelWithDebInfo|Win32
		{980C5D0D-4B97-487B-9FAE-018BED4E9B87}.RelWithDebInfo|Win32.Build.0 = RelWithDebInfo|Win32
		{5FBF94B8-1964-419C-BED2-E34E1966F625}.Debug|Win32.ActiveCfg = Debug|Win32
		{5FBF94B8-1964-419C-BED2-E34E1966F625}.Debug|Win32.Build.0 = Debug|Win32
		{5FBF94B8-1964-419C-BED2-E34E1966F625}.Release|Win32.ActiveCfg = Release|Win32
		{5FBF94B8-1964-419C-BED2-E34E1966F625}.Release|Win32.Build.0 = Release|Win32
		{5FBF94B8-1964-419C-BED2-E34E1966F625}.MinSizeRel|Win32.ActiveCfg = MinSizeRel|Win32
		{5FBF94B8-1964-419C-BED2-E34E1966F625}.MinSizeRel|Win32.Build.0 = MinSizeRel|Win32
		{5FBF94B8-1964-419C-BED2-E34E1966F625}.RelWithDebInfo|Win32.ActiveCfg = RelWithDebInfo|Win32
		{5FBF94B8-1964-419C-BED2-E34E1966F625}.RelWithDebInfo|Win32.Build.0 = RelWithDebInfo|Win32
		{209AB15A-DCB0-467B-8493-2629891781A7}.Debug|Win32.ActiveCfg = Debug|Win32
		{209AB15A-DCB0-467B-8493-2629891781A7}.Debug|Win32.Build.0 = Debug|Win32
		{209AB15A-DCB0-467B-8493-2629891781A7}.Release|Win32.ActiveCfg = Release|Win32
		{209AB15A-DCB0-467B-8493-2629891781A7}.Release|Win32.Build.0 = Release|Win32
		{209AB15A-DCB0-467B-8493-2629891781A7}.MinSizeRel|Win32.ActiveCfg = MinSizeRel|Win32
		{209AB15A-DCB0-467B-8493-2629891781A7}.MinSizeRel|Win32.Build.0 = MinSizeRel|Win32
		{209AB15A-DCB0-467B-8493-2629891781A7}.RelWithDebInfo|Win32.ActiveCfg = RelWithDebInfo|Win32
		{209AB15A-DCB0-467B-8493-2629891781A7}.RelWithDebInfo|Win32.Build.0 = RelWithDebInfo|Win32
	EndGlobalSection
	GlobalSection(ExtensibilityGlobals) = postSolution
	EndGlobalSection
	GlobalSection(ExtensibilityAddIns) = postSolution
	EndGlobalSection
EndGlobal
